# THIS IS AN AUTOGENERATED FILE. DO NOT EDIT THIS FILE DIRECTLY.
# yarn lockfile v1


"@types/node@^17.0.25":
  version "17.0.25"
  resolved "https://registry.yarnpkg.com/@types/node/-/node-17.0.25.tgz#527051f3c2f77aa52e5dc74e45a3da5fb2301448"
  integrity sha512-wANk6fBrUwdpY4isjWrKTufkrXdu1D2YHCot2fD/DfWxF5sMrVSA+KN7ydckvaTCh0HiqX9IVl0L5/ZoXg5M7w==

typescript@^4.7.0-dev.20220418:
  version "4.7.0-dev.20220418"
  resolved "https://registry.yarnpkg.com/typescript/-/typescript-4.7.0-dev.20220418.tgz#2eb6a4ce22da3e5cb6655677591745bbdd093aa3"
  integrity sha512-1V703WHO2gxe96y6sbNGcqalsTCjHozhETgBtXt9Xl1EPDuXnQamiPH8lskapJwyr/VA+NMfM91BN5hSVh10Iw==
